// !$*UTF8*$!
{
	archiveVersion = 1;
	classes = {
	};
	objectVersion = 56;
	objects = {

/* Begin PBXBuildFile section */
		ACBD93672A29D947005AC9BC /* FakeEcommerceApp.swift in Sources */ = {isa = PBXBuildFile; fileRef = ACBD93662A29D947005AC9BC /* FakeEcommerceApp.swift */; };
		ACBD93692A29D947005AC9BC /* ContentView.swift in Sources */ = {isa = PBXBuildFile; fileRef = ACBD93682A29D947005AC9BC /* ContentView.swift */; };
		ACBD936B2A29D948005AC9BC /* Assets.xcassets in Resources */ = {isa = PBXBuildFile; fileRef = ACBD936A2A29D948005AC9BC /* Assets.xcassets */; };
		ACBD936E2A29D948005AC9BC /* Preview Assets.xcassets in Resources */ = {isa = PBXBuildFile; fileRef = ACBD936D2A29D948005AC9BC /* Preview Assets.xcassets */; };
		ACBD93762A29DD47005AC9BC /* Product.swift in Sources */ = {isa = PBXBuildFile; fileRef = ACBD93752A29DD47005AC9BC /* Product.swift */; };
		ACBD93792A29DDCF005AC9BC /* HomeView.swift in Sources */ = {isa = PBXBuildFile; fileRef = ACBD93782A29DDCF005AC9BC /* HomeView.swift */; };
		ACBD937C2A29DF17005AC9BC /* ProfileImageView.swift in Sources */ = {isa = PBXBuildFile; fileRef = ACBD937B2A29DF17005AC9BC /* ProfileImageView.swift */; };
		ACBD937E2A29E445005AC9BC /* CategoryView.swift in Sources */ = {isa = PBXBuildFile; fileRef = ACBD937D2A29E445005AC9BC /* CategoryView.swift */; };
		ACBD93802A29E7D3005AC9BC /* APIService.swift in Sources */ = {isa = PBXBuildFile; fileRef = ACBD937F2A29E7D3005AC9BC /* APIService.swift */; };
		ACBD93822A29EA0F005AC9BC /* Load&Decode.swift in Sources */ = {isa = PBXBuildFile; fileRef = ACBD93812A29EA0F005AC9BC /* Load&Decode.swift */; };
/* End PBXBuildFile section */

/* Begin PBXFileReference section */
		ACBD93632A29D947005AC9BC /* FakeEcommerce.app */ = {isa = PBXFileReference; explicitFileType = wrapper.application; includeInIndex = 0; path = FakeEcommerce.app; sourceTree = BUILT_PRODUCTS_DIR; };
		ACBD93662A29D947005AC9BC /* FakeEcommerceApp.swift */ = {isa = PBXFileReference; lastKnownFileType = sourcecode.swift; path = FakeEcommerceApp.swift; sourceTree = "<group>"; };
		ACBD93682A29D947005AC9BC /* ContentView.swift */ = {isa = PBXFileReference; lastKnownFileType = sourcecode.swift; path = ContentView.swift; sourceTree = "<group>"; };
		ACBD936A2A29D948005AC9BC /* Assets.xcassets */ = {isa = PBXFileReference; lastKnownFileType = folder.assetcatalog; path = Assets.xcassets; sourceTree = "<group>"; };
		ACBD936D2A29D948005AC9BC /* Preview Assets.xcassets */ = {isa = PBXFileReference; lastKnownFileType = folder.assetcatalog; path = "Preview Assets.xcassets"; sourceTree = "<group>"; };
		ACBD93752A29DD47005AC9BC /* Product.swift */ = {isa = PBXFileReference; lastKnownFileType = sourcecode.swift; path = Product.swift; sourceTree = "<group>"; };
		ACBD93782A29DDCF005AC9BC /* HomeView.swift */ = {isa = PBXFileReference; lastKnownFileType = sourcecode.swift; path = HomeView.swift; sourceTree = "<group>"; };
		ACBD937B2A29DF17005AC9BC /* ProfileImageView.swift */ = {isa = PBXFileReference; lastKnownFileType = sourcecode.swift; path = ProfileImageView.swift; sourceTree = "<group>"; };
		ACBD937D2A29E445005AC9BC /* CategoryView.swift */ = {isa = PBXFileReference; lastKnownFileType = sourcecode.swift; path = CategoryView.swift; sourceTree = "<group>"; };
		ACBD937F2A29E7D3005AC9BC /* APIService.swift */ = {isa = PBXFileReference; lastKnownFileType = sourcecode.swift; path = APIService.swift; sourceTree = "<group>"; };
		ACBD93812A29EA0F005AC9BC /* Load&Decode.swift */ = {isa = PBXFileReference; lastKnownFileType = sourcecode.swift; path = "Load&Decode.swift"; sourceTree = "<group>"; };
/* End PBXFileReference section */

/* Begin PBXFrameworksBuildPhase section */
		ACBD93602A29D947005AC9BC /* Frameworks */ = {
			isa = PBXFrameworksBuildPhase;
			buildActionMask = 2147483647;
			files = (
			);
			runOnlyForDeploymentPostprocessing = 0;
		};
/* End PBXFrameworksBuildPhase section */

/* Begin PBXGroup section */
		ACBD935A2A29D947005AC9BC = {
			isa = PBXGroup;
			children = (
				ACBD93652A29D947005AC9BC /* FakeEcommerce */,
				ACBD93642A29D947005AC9BC /* Products */,
			);
			sourceTree = "<group>";
		};
		ACBD93642A29D947005AC9BC /* Products */ = {
			isa = PBXGroup;
			children = (
				ACBD93632A29D947005AC9BC /* FakeEcommerce.app */,
			);
			name = Products;
			sourceTree = "<group>";
		};
		ACBD93652A29D947005AC9BC /* FakeEcommerce */ = {
			isa = PBXGroup;
			children = (
				ACBD93772A29DDBC005AC9BC /* View */,
				ACBD93742A29DD35005AC9BC /* Model */,
				ACBD93662A29D947005AC9BC /* FakeEcommerceApp.swift */,
				ACBD93682A29D947005AC9BC /* ContentView.swift */,
				ACBD936A2A29D948005AC9BC /* Assets.xcassets */,
				ACBD936C2A29D948005AC9BC /* Preview Content */,
				ACBD937F2A29E7D3005AC9BC /* APIService.swift */,
				ACBD93812A29EA0F005AC9BC /* Load&Decode.swift */,
			);
			path = FakeEcommerce;
			sourceTree = "<group>";
		};
		ACBD936C2A29D948005AC9BC /* Preview Content */ = {
			isa = PBXGroup;
			children = (
				ACBD936D2A29D948005AC9BC /* Preview Assets.xcassets */,
			);
			path = "Preview Content";
			sourceTree = "<group>";
		};
		ACBD93742A29DD35005AC9BC /* Model */ = {
			isa = PBXGroup;
			children = (
				ACBD93752A29DD47005AC9BC /* Product.swift */,
			);
			path = Model;
			sourceTree = "<group>";
		};
		ACBD93772A29DDBC005AC9BC /* View */ = {
			isa = PBXGroup;
			children = (
				ACBD937A2A29DE68005AC9BC /* HelperView */,
				ACBD93782A29DDCF005AC9BC /* HomeView.swift */,
			);
			path = View;
			sourceTree = "<group>";
		};
		ACBD937A2A29DE68005AC9BC /* HelperView */ = {
			isa = PBXGroup;
			children = (
				ACBD937B2A29DF17005AC9BC /* ProfileImageView.swift */,
				ACBD937D2A29E445005AC9BC /* CategoryView.swift */,
			);
			path = HelperView;
			sourceTree = "<group>";
		};
/* End PBXGroup section */

/* Begin PBXNativeTarget section */
		ACBD93622A29D947005AC9BC /* FakeEcommerce */ = {
			isa = PBXNativeTarget;
			buildConfigurationList = ACBD93712A29D948005AC9BC /* Build configuration list for PBXNativeTarget "FakeEcommerce" */;
			buildPhases = (
				ACBD935F2A29D947005AC9BC /* Sources */,
				ACBD93602A29D947005AC9BC /* Frameworks */,
				ACBD93612A29D947005AC9BC /* Resources */,
			);
			buildRules = (
			);
			dependencies = (
			);
			name = FakeEcommerce;
			productName = FakeEcommerce;
			productReference = ACBD93632A29D947005AC9BC /* FakeEcommerce.app */;
			productType = "com.apple.product-type.application";
		};
/* End PBXNativeTarget section */

/* Begin PBXProject section */
		ACBD935B2A29D947005AC9BC /* Project object */ = {
			isa = PBXProject;
			attributes = {
				BuildIndependentTargetsInParallel = 1;
				LastSwiftUpdateCheck = 1420;
				LastUpgradeCheck = 1420;
				TargetAttributes = {
					ACBD93622A29D947005AC9BC = {
						CreatedOnToolsVersion = 14.2;
					};
				};
			};
			buildConfigurationList = ACBD935E2A29D947005AC9BC /* Build configuration list for PBXProject "FakeEcommerce" */;
			compatibilityVersion = "Xcode 14.0";
			developmentRegion = en;
			hasScannedForEncodings = 0;
			knownRegions = (
				en,
				Base,
			);
			mainGroup = ACBD935A2A29D947005AC9BC;
			productRefGroup = ACBD93642A29D947005AC9BC /* Products */;
			projectDirPath = "";
			projectRoot = "";
			targets = (
				ACBD93622A29D947005AC9BC /* FakeEcommerce */,
			);
		};
/* End PBXProject section */

/* Begin PBXResourcesBuildPhase section */
		ACBD93612A29D947005AC9BC /* Resources */ = {
			isa = PBXResourcesBuildPhase;
			buildActionMask = 2147483647;
			files = (
				ACBD936E2A29D948005AC9BC /* Preview Assets.xcassets in Resources */,
				ACBD936B2A29D948005AC9BC /* Assets.xcassets in Resources */,
			);
			runOnlyForDeploymentPostprocessing = 0;
		};
/* End PBXResourcesBuildPhase section */

/* Begin PBXSourcesBuildPhase section */
		ACBD935F2A29D947005AC9BC /* Sources */ = {
			isa = PBXSourcesBuildPhase;
			buildActionMask = 2147483647;
			files = (
				ACBD93692A29D947005AC9BC /* ContentView.swift in Sources */,
				ACBD93802A29E7D3005AC9BC /* APIService.swift in Sources */,
				ACBD93792A29DDCF005AC9BC /* HomeView.swift in Sources */,
				ACBD937E2A29E445005AC9BC /* CategoryView.swift in Sources */,
				ACBD937C2A29DF17005AC9BC /* ProfileImageView.swift in Sources */,
				ACBD93672A29D947005AC9BC /* FakeEcommerceApp.swift in Sources */,
				ACBD93822A29EA0F005AC9BC /* Load&Decode.swift in Sources */,
				ACBD93762A29DD47005AC9BC /* Product.swift in Sources */,
			);
			runOnlyForDeploymentPostprocessing = 0;
		};
/* End PBXSourcesBuildPhase section */

/* Begin XCBuildConfiguration section */
		ACBD936F2A29D948005AC9BC /* Debug */ = {
			isa = XCBuildConfiguration;
			buildSettings = {
				ALWAYS_SEARCH_USER_PATHS = NO;
				CLANG_ANALYZER_NONNULL = YES;
				CLANG_ANALYZER_NUMBER_OBJECT_CONVERSION = YES_AGGRESSIVE;
				CLANG_CXX_LANGUAGE_STANDARD = "gnu++20";
				CLANG_ENABLE_MODULES = YES;
				CLANG_ENABLE_OBJC_ARC = YES;
				CLANG_ENABLE_OBJC_WEAK = YES;
				CLANG_WARN_BLOCK_CAPTURE_AUTORELEASING = YES;
				CLANG_WARN_BOOL_CONVERSION = YES;
				CLANG_WARN_COMMA = YES;
				CLANG_WARN_CONSTANT_CONVERSION = YES;
				CLANG_WARN_DEPRECATED_OBJC_IMPLEMENTATIONS = YES;
				CLANG_WARN_DIRECT_OBJC_ISA_USAGE = YES_ERROR;
				CLANG_WARN_DOCUMENTATION_COMMENTS = YES;
				CLANG_WARN_EMPTY_BODY = YES;
				CLANG_WARN_ENUM_CONVERSION = YES;
				CLANG_WARN_INFINITE_RECURSION = YES;
				CLANG_WARN_INT_CONVERSION = YES;
				CLANG_WARN_NON_LITERAL_NULL_CONVERSION = YES;
				CLANG_WARN_OBJC_IMPLICIT_RETAIN_SELF = YES;
				CLANG_WARN_OBJC_LITERAL_CONVERSION = YES;
				CLANG_WARN_OBJC_ROOT_CLASS = YES_ERROR;
				CLANG_WARN_QUOTED_INCLUDE_IN_FRAMEWORK_HEADER = YES;
				CLANG_WARN_RANGE_LOOP_ANALYSIS = YES;
				CLANG_WARN_STRICT_PROTOTYPES = YES;
				CLANG_WARN_SUSPICIOUS_MOVE = YES;
				CLANG_WARN_UNGUARDED_AVAILABILITY = YES_AGGRESSIVE;
				CLANG_WARN_UNREACHABLE_CODE = YES;
				CLANG_WARN__DUPLICATE_METHOD_MATCH = YES;
				COPY_PHASE_STRIP = NO;
				DEBUG_INFORMATION_FORMAT = dwarf;
				ENABLE_STRICT_OBJC_MSGSEND = YES;
				ENABLE_TESTABILITY = YES;
				GCC_C_LANGUAGE_STANDARD = gnu11;
				GCC_DYNAMIC_NO_PIC = NO;
				GCC_NO_COMMON_BLOCKS = YES;
				GCC_OPTIMIZATION_LEVEL = 0;
				GCC_PREPROCESSOR_DEFINITIONS = (
					"DEBUG=1",
					"$(inherited)",
				);
				GCC_WARN_64_TO_32_BIT_CONVERSION = YES;
				GCC_WARN_ABOUT_RETURN_TYPE = YES_ERROR;
				GCC_WARN_UNDECLARED_SELECTOR = YES;
				GCC_WARN_UNINITIALIZED_AUTOS = YES_AGGRESSIVE;
				GCC_WARN_UNUSED_FUNCTION = YES;
				GCC_WARN_UNUSED_VARIABLE = YES;
				IPHONEOS_DEPLOYMENT_TARGET = 16.2;
				MTL_ENABLE_DEBUG_INFO = INCLUDE_SOURCE;
				MTL_FAST_MATH = YES;
				ONLY_ACTIVE_ARCH = YES;
				SDKROOT = iphoneos;
				SWIFT_ACTIVE_COMPILATION_CONDITIONS = DEBUG;
				SWIFT_OPTIMIZATION_LEVEL = "-Onone";
			};
			name = Debug;
		};
		ACBD93702A29D948005AC9BC /* Release */ = {
			isa = XCBuildConfiguration;
			buildSettings = {
				ALWAYS_SEARCH_USER_PATHS = NO;
				CLANG_ANALYZER_NONNULL = YES;
				CLANG_ANALYZER_NUMBER_OBJECT_CONVERSION = YES_AGGRESSIVE;
				CLANG_CXX_LANGUAGE_STANDARD = "gnu++20";
				CLANG_ENABLE_MODULES = YES;
				CLANG_ENABLE_OBJC_ARC = YES;
				CLANG_ENABLE_OBJC_WEAK = YES;
				CLANG_WARN_BLOCK_CAPTURE_AUTORELEASING = YES;
				CLANG_WARN_BOOL_CONVERSION = YES;
				CLANG_WARN_COMMA = YES;
				CLANG_WARN_CONSTANT_CONVERSION = YES;
				CLANG_WARN_DEPRECATED_OBJC_IMPLEMENTATIONS = YES;
				CLANG_WARN_DIRECT_OBJC_ISA_USAGE = YES_ERROR;
				CLANG_WARN_DOCUMENTATION_COMMENTS = YES;
				CLANG_WARN_EMPTY_BODY = YES;
				CLANG_WARN_ENUM_CONVERSION = YES;
				CLANG_WARN_INFINITE_RECURSION = YES;
				CLANG_WARN_INT_CONVERSION = YES;
				CLANG_WARN_NON_LITERAL_NULL_CONVERSION = YES;
				CLANG_WARN_OBJC_IMPLICIT_RETAIN_SELF = YES;
				CLANG_WARN_OBJC_LITERAL_CONVERSION = YES;
				CLANG_WARN_OBJC_ROOT_CLASS = YES_ERROR;
				CLANG_WARN_QUOTED_INCLUDE_IN_FRAMEWORK_HEADER = YES;
				CLANG_WARN_RANGE_LOOP_ANALYSIS = YES;
				CLANG_WARN_STRICT_PROTOTYPES = YES;
				CLANG_WARN_SUSPICIOUS_MOVE = YES;
				CLANG_WARN_UNGUARDED_AVAILABILITY = YES_AGGRESSIVE;
				CLANG_WARN_UNREACHABLE_CODE = YES;
				CLANG_WARN__DUPLICATE_METHOD_MATCH = YES;
				COPY_PHASE_STRIP = NO;
				DEBUG_INFORMATION_FORMAT = "dwarf-with-dsym";
				ENABLE_NS_ASSERTIONS = NO;
				ENABLE_STRICT_OBJC_MSGSEND = YES;
				GCC_C_LANGUAGE_STANDARD = gnu11;
				GCC_NO_COMMON_BLOCKS = YES;
				GCC_WARN_64_TO_32_BIT_CONVERSION = YES;
				GCC_WARN_ABOUT_RETURN_TYPE = YES_ERROR;
				GCC_WARN_UNDECLARED_SELECTOR = YES;
				GCC_WARN_UNINITIALIZED_AUTOS = YES_AGGRESSIVE;
				GCC_WARN_UNUSED_FUNCTION = YES;
				GCC_WARN_UNUSED_VARIABLE = YES;
				IPHONEOS_DEPLOYMENT_TARGET = 16.2;
				MTL_ENABLE_DEBUG_INFO = NO;
				MTL_FAST_MATH = YES;
				SDKROOT = iphoneos;
				SWIFT_COMPILATION_MODE = wholemodule;
				SWIFT_OPTIMIZATION_LEVEL = "-O";
				VALIDATE_PRODUCT = YES;
			};
			name = Release;
		};
		ACBD93722A29D948005AC9BC /* Debug */ = {
			isa = XCBuildConfiguration;
			buildSettings = {
				ASSETCATALOG_COMPILER_APPICON_NAME = AppIcon;
				ASSETCATALOG_COMPILER_GLOBAL_ACCENT_COLOR_NAME = AccentColor;
				CODE_SIGN_STYLE = Automatic;
				CURRENT_PROJECT_VERSION = 1;
				DEVELOPMENT_ASSET_PATHS = "\"FakeEcommerce/Preview Content\"";
				DEVELOPMENT_TEAM = LU893QGJWJ;
				ENABLE_PREVIEWS = YES;
				GENERATE_INFOPLIST_FILE = YES;
				INFOPLIST_KEY_UIApplicationSceneManifest_Generation = YES;
				INFOPLIST_KEY_UIApplicationSupportsIndirectInputEvents = YES;
				INFOPLIST_KEY_UILaunchScreen_Generation = YES;
				INFOPLIST_KEY_UISupportedInterfaceOrientations_iPad = "UIInterfaceOrientationPortrait UIInterfaceOrientationPortraitUpsideDown UIInterfaceOrientationLandscapeLeft UIInterfaceOrientationLandscapeRight";
				INFOPLIST_KEY_UISupportedInterfaceOrientations_iPhone = "UIInterfaceOrientationPortrait UIInterfaceOrientationLandscapeLeft UIInterfaceOrientationLandscapeRight";
				LD_RUNPATH_SEARCH_PATHS = (
					"$(inherited)",
					"@executable_path/Frameworks",
				);
				MARKETING_VERSION = 1.0;
				PRODUCT_BUNDLE_IDENTIFIER = Bhumika.FakeEcommerce;
				PRODUCT_NAME = "$(TARGET_NAME)";
				SWIFT_EMIT_LOC_STRINGS = YES;
				SWIFT_VERSION = 5.0;
				TARGETED_DEVICE_FAMILY = "1,2";
			};
			name = Debug;
		};
		ACBD93732A29D948005AC9BC /* Release */ = {
			isa = XCBuildConfiguration;
			buildSettings = {
				ASSETCATALOG_COMPILER_APPICON_NAME = AppIcon;
				ASSETCATALOG_COMPILER_GLOBAL_ACCENT_COLOR_NAME = AccentColor;
				CODE_SIGN_STYLE = Automatic;
				CURRENT_PROJECT_VERSION = 1;
				DEVELOPMENT_ASSET_PATHS = "\"FakeEcommerce/Preview Content\"";
				DEVELOPMENT_TEAM = LU893QGJWJ;
				ENABLE_PREVIEWS = YES;
				GENERATE_INFOPLIST_FILE = YES;
				INFOPLIST_KEY_UIApplicationSceneManifest_Generation = YES;
				INFOPLIST_KEY_UIApplicationSupportsIndirectInputEvents = YES;
				INFOPLIST_KEY_UILaunchScreen_Generation = YES;
				INFOPLIST_KEY_UISupportedInterfaceOrientations_iPad = "UIInterfaceOrientationPortrait UIInterfaceOrientationPortraitUpsideDown UIInterfaceOrientationLandscapeLeft UIInterfaceOrientationLandscapeRight";
				INFOPLIST_KEY_UISupportedInterfaceOrientations_iPhone = "UIInterfaceOrientationPortrait UIInterfaceOrientationLandscapeLeft UIInterfaceOrientationLandscapeRight";
				LD_RUNPATH_SEARCH_PATHS = (
					"$(inherited)",
					"@executable_path/Frameworks",
				);
				MARKETING_VERSION = 1.0;
				PRODUCT_BUNDLE_IDENTIFIER = Bhumika.FakeEcommerce;
				PRODUCT_NAME = "$(TARGET_NAME)";
				SWIFT_EMIT_LOC_STRINGS = YES;
				SWIFT_VERSION = 5.0;
				TARGETED_DEVICE_FAMILY = "1,2";
			};
			name = Release;
		};
/* End XCBuildConfiguration section */

/* Begin XCConfigurationList section */
		ACBD935E2A29D947005AC9BC /* Build configuration list for PBXProject "FakeEcommerce" */ = {
			isa = XCConfigurationList;
			buildConfigurations = (
				ACBD936F2A29D948005AC9BC /* Debug */,
				ACBD93702A29D948005AC9BC /* Release */,
			);
			defaultConfigurationIsVisible = 0;
			defaultConfigurationName = Release;
		};
		ACBD93712A29D948005AC9BC /* Build configuration list for PBXNativeTarget "FakeEcommerce" */ = {
			isa = XCConfigurationList;
			buildConfigurations = (
				ACBD93722A29D948005AC9BC /* Debug */,
				ACBD93732A29D948005AC9BC /* Release */,
			);
			defaultConfigurationIsVisible = 0;
			defaultConfigurationName = Release;
		};
/* End XCConfigurationList section */
	};
	rootObject = ACBD935B2A29D947005AC9BC /* Project object */;
}
